// !$*UTF8*$!
{
	archiveVersion = 1;
	classes = {
	};
	objectVersion = 50;
	objects = {

/* Begin PBXBuildFile section */
		65FDA7742106748D00AB4698 /* AppDelegate.swift in Sources */ = {isa = PBXBuildFile; fileRef = 65FDA7732106748D00AB4698 /* AppDelegate.swift */; };
		65FDA7792106748E00AB4698 /* Main.storyboard in Resources */ = {isa = PBXBuildFile; fileRef = 65FDA7772106748E00AB4698 /* Main.storyboard */; };
		65FDA77B210674B200AB4698 /* Assets.xcassets in Resources */ = {isa = PBXBuildFile; fileRef = 65FDA77A210674B200AB4698 /* Assets.xcassets */; };
		65FDA77E210674B200AB4698 /* LaunchScreen.storyboard in Resources */ = {isa = PBXBuildFile; fileRef = 65FDA77C210674B200AB4698 /* LaunchScreen.storyboard */; };
		65FDA7872106759C00AB4698 /* Item.swift in Sources */ = {isa = PBXBuildFile; fileRef = 65FDA7862106759C00AB4698 /* Item.swift */; };
		65FDA78921067CD400AB4698 /* ItemController.swift in Sources */ = {isa = PBXBuildFile; fileRef = 65FDA78821067CD400AB4698 /* ItemController.swift */; };
		65FDA78B21068E9E00AB4698 /* CollectionTableViewController.swift in Sources */ = {isa = PBXBuildFile; fileRef = 65FDA78A21068E9E00AB4698 /* CollectionTableViewController.swift */; };
		65FDA78D21068FD900AB4698 /* ItemDetailViewController.swift in Sources */ = {isa = PBXBuildFile; fileRef = 65FDA78C21068FD900AB4698 /* ItemDetailViewController.swift */; };
/* End PBXBuildFile section */

/* Begin PBXFileReference section */
		65FDA7702106748C00AB4698 /* Collection.app */ = {isa = PBXFileReference; explicitFileType = wrapper.application; includeInIndex = 0; path = Collection.app; sourceTree = BUILT_PRODUCTS_DIR; };
		65FDA7732106748D00AB4698 /* AppDelegate.swift */ = {isa = PBXFileReference; lastKnownFileType = sourcecode.swift; path = AppDelegate.swift; sourceTree = "<group>"; };
		65FDA7782106748E00AB4698 /* Base */ = {isa = PBXFileReference; lastKnownFileType = file.storyboard; name = Base; path = Base.lproj/Main.storyboard; sourceTree = "<group>"; };
		65FDA77A210674B200AB4698 /* Assets.xcassets */ = {isa = PBXFileReference; lastKnownFileType = folder.assetcatalog; path = Assets.xcassets; sourceTree = "<group>"; };
		65FDA77D210674B200AB4698 /* Base */ = {isa = PBXFileReference; lastKnownFileType = file.storyboard; name = Base; path = Base.lproj/LaunchScreen.storyboard; sourceTree = "<group>"; };
		65FDA77F210674B300AB4698 /* Info.plist */ = {isa = PBXFileReference; lastKnownFileType = text.plist.xml; path = Info.plist; sourceTree = "<group>"; };
		65FDA7862106759C00AB4698 /* Item.swift */ = {isa = PBXFileReference; lastKnownFileType = sourcecode.swift; path = Item.swift; sourceTree = "<group>"; };
		65FDA78821067CD400AB4698 /* ItemController.swift */ = {isa = PBXFileReference; lastKnownFileType = sourcecode.swift; path = ItemController.swift; sourceTree = "<group>"; };
		65FDA78A21068E9E00AB4698 /* CollectionTableViewController.swift */ = {isa = PBXFileReference; lastKnownFileType = sourcecode.swift; path = CollectionTableViewController.swift; sourceTree = "<group>"; };
		65FDA78C21068FD900AB4698 /* ItemDetailViewController.swift */ = {isa = PBXFileReference; lastKnownFileType = sourcecode.swift; path = ItemDetailViewController.swift; sourceTree = "<group>"; };
/* End PBXFileReference section */

/* Begin PBXFrameworksBuildPhase section */
		65FDA76D2106748C00AB4698 /* Frameworks */ = {
			isa = PBXFrameworksBuildPhase;
			buildActionMask = 2147483647;
			files = (
			);
			runOnlyForDeploymentPostprocessing = 0;
		};
/* End PBXFrameworksBuildPhase section */

/* Begin PBXGroup section */
		65FDA7672106748C00AB4698 = {
			isa = PBXGroup;
			children = (
				65FDA7722106748C00AB4698 /* Collection */,
				65FDA7712106748C00AB4698 /* Products */,
			);
			sourceTree = "<group>";
		};
		65FDA7712106748C00AB4698 /* Products */ = {
			isa = PBXGroup;
			children = (
				65FDA7702106748C00AB4698 /* Collection.app */,
			);
			name = Products;
			sourceTree = "<group>";
		};
		65FDA7722106748C00AB4698 /* Collection */ = {
			isa = PBXGroup;
			children = (
				65FDA78A21068E9E00AB4698 /* CollectionTableViewController.swift */,
				65FDA7862106759C00AB4698 /* Item.swift */,
				65FDA78821067CD400AB4698 /* ItemController.swift */,
				65FDA7732106748D00AB4698 /* AppDelegate.swift */,
				65FDA7772106748E00AB4698 /* Main.storyboard */,
				65FDA78C21068FD900AB4698 /* ItemDetailViewController.swift */,
				65FDA7852106750500AB4698 /* Resources */,
			);
			path = Collection;
			sourceTree = "<group>";
		};
		65FDA7852106750500AB4698 /* Resources */ = {
			isa = PBXGroup;
			children = (
				65FDA77A210674B200AB4698 /* Assets.xcassets */,
				65FDA77C210674B200AB4698 /* LaunchScreen.storyboard */,
				65FDA77F210674B300AB4698 /* Info.plist */,
			);
			path = Resources;
			sourceTree = "<group>";
		};
/* End PBXGroup section */

/* Begin PBXNativeTarget section */
		65FDA76F2106748C00AB4698 /* Collection */ = {
			isa = PBXNativeTarget;
			buildConfigurationList = 65FDA782210674B300AB4698 /* Build configuration list for PBXNativeTarget "Collection" */;
			buildPhases = (
				65FDA76C2106748C00AB4698 /* Sources */,
				65FDA76D2106748C00AB4698 /* Frameworks */,
				65FDA76E2106748C00AB4698 /* Resources */,
			);
			buildRules = (
			);
			dependencies = (
			);
			name = Collection;
			productName = Collection;
			productReference = 65FDA7702106748C00AB4698 /* Collection.app */;
			productType = "com.apple.product-type.application";
		};
/* End PBXNativeTarget section */

/* Begin PBXProject section */
		65FDA7682106748C00AB4698 /* Project object */ = {
			isa = PBXProject;
			attributes = {
				LastSwiftUpdateCheck = 0940;
				LastUpgradeCheck = 0940;
				ORGANIZATIONNAME = "Andrew Liao";
				TargetAttributes = {
					65FDA76F2106748C00AB4698 = {
						CreatedOnToolsVersion = 9.4.1;
					};
				};
			};
			buildConfigurationList = 65FDA76B2106748C00AB4698 /* Build configuration list for PBXProject "Collection" */;
			compatibilityVersion = "Xcode 9.3";
			developmentRegion = en;
			hasScannedForEncodings = 0;
			knownRegions = (
				en,
				Base,
			);
			mainGroup = 65FDA7672106748C00AB4698;
			productRefGroup = 65FDA7712106748C00AB4698 /* Products */;
			projectDirPath = "";
			projectRoot = "";
			targets = (
				65FDA76F2106748C00AB4698 /* Collection */,
			);
		};
/* End PBXProject section */

/* Begin PBXResourcesBuildPhase section */
		65FDA76E2106748C00AB4698 /* Resources */ = {
			isa = PBXResourcesBuildPhase;
			buildActionMask = 2147483647;
			files = (
				65FDA77E210674B200AB4698 /* LaunchScreen.storyboard in Resources */,
				65FDA77B210674B200AB4698 /* Assets.xcassets in Resources */,
				65FDA7792106748E00AB4698 /* Main.storyboard in Resources */,
			);
			runOnlyForDeploymentPostprocessing = 0;
		};
/* End PBXResourcesBuildPhase section */

/* Begin PBXSourcesBuildPhase section */
		65FDA76C2106748C00AB4698 /* Sources */ = {
			isa = PBXSourcesBuildPhase;
			buildActionMask = 2147483647;
			files = (
				65FDA78D21068FD900AB4698 /* ItemDetailViewController.swift in Sources */,
				65FDA7872106759C00AB4698 /* Item.swift in Sources */,
				65FDA78B21068E9E00AB4698 /* CollectionTableViewController.swift in Sources */,
				65FDA78921067CD400AB4698 /* ItemController.swift in Sources */,
				65FDA7742106748D00AB4698 /* AppDelegate.swift in Sources */,
			);
			runOnlyForDeploymentPostprocessing = 0;
		};
/* End PBXSourcesBuildPhase section */

/* Begin PBXVariantGroup section */
		65FDA7772106748E00AB4698 /* Main.storyboard */ = {
			isa = PBXVariantGroup;
			children = (
				65FDA7782106748E00AB4698 /* Base */,
			);
			name = Main.storyboard;
			sourceTree = "<group>";
		};
		65FDA77C210674B200AB4698 /* LaunchScreen.storyboard */ = {
			isa = PBXVariantGroup;
			children = (
				65FDA77D210674B200AB4698 /* Base */,
			);
			name = LaunchScreen.storyboard;
			sourceTree = "<group>";
		};
/* End PBXVariantGroup section */

/* Begin XCBuildConfiguration section */
		65FDA780210674B300AB4698 /* Debug */ = {
			isa = XCBuildConfiguration;
			buildSettings = {
				ALWAYS_SEARCH_USER_PATHS = NO;
				CLANG_ANALYZER_NONNULL = YES;
				CLANG_ANALYZER_NUMBER_OBJECT_CONVERSION = YES_AGGRESSIVE;
				CLANG_CXX_LANGUAGE_STANDARD = "gnu++14";
				CLANG_CXX_LIBRARY = "libc++";
				CLANG_ENABLE_MODULES = YES;
				CLANG_ENABLE_OBJC_ARC = YES;
				CLANG_ENABLE_OBJC_WEAK = YES;
				CLANG_WARN_BLOCK_CAPTURE_AUTORELEASING = YES;
				CLANG_WARN_BOOL_CONVERSION = YES;
				CLANG_WARN_COMMA = YES;
				CLANG_WARN_CONSTANT_CONVERSION = YES;
				CLANG_WARN_DEPRECATED_OBJC_IMPLEMENTATIONS = YES;
				CLANG_WARN_DIRECT_OBJC_ISA_USAGE = YES_ERROR;
				CLANG_WARN_DOCUMENTATION_COMMENTS = YES;
				CLANG_WARN_EMPTY_BODY = YES;
				CLANG_WARN_ENUM_CONVERSION = YES;
				CLANG_WARN_INFINITE_RECURSION = YES;
				CLANG_WARN_INT_CONVERSION = YES;
				CLANG_WARN_NON_LITERAL_NULL_CONVERSION = YES;
				CLANG_WARN_OBJC_IMPLICIT_RETAIN_SELF = YES;
				CLANG_WARN_OBJC_LITERAL_CONVERSION = YES;
				CLANG_WARN_OBJC_ROOT_CLASS = YES_ERROR;
				CLANG_WARN_RANGE_LOOP_ANALYSIS = YES;
				CLANG_WARN_STRICT_PROTOTYPES = YES;
				CLANG_WARN_SUSPICIOUS_MOVE = YES;
				CLANG_WARN_UNGUARDED_AVAILABILITY = YES_AGGRESSIVE;
				CLANG_WARN_UNREACHABLE_CODE = YES;
				CLANG_WARN__DUPLICATE_METHOD_MATCH = YES;
				CODE_SIGN_IDENTITY = "iPhone Developer";
				COPY_PHASE_STRIP = NO;
				DEBUG_INFORMATION_FORMAT = dwarf;
				ENABLE_STRICT_OBJC_MSGSEND = YES;
				ENABLE_TESTABILITY = YES;
				GCC_C_LANGUAGE_STANDARD = gnu11;
				GCC_DYNAMIC_NO_PIC = NO;
				GCC_NO_COMMON_BLOCKS = YES;
				GCC_OPTIMIZATION_LEVEL = 0;
				GCC_PREPROCESSOR_DEFINITIONS = (
					"DEBUG=1",
					"$(inherited)",
				);
				GCC_WARN_64_TO_32_BIT_CONVERSION = YES;
				GCC_WARN_ABOUT_RETURN_TYPE = YES_ERROR;
				GCC_WARN_UNDECLARED_SELECTOR = YES;
				GCC_WARN_UNINITIALIZED_AUTOS = YES_AGGRESSIVE;
				GCC_WARN_UNUSED_FUNCTION = YES;
				GCC_WARN_UNUSED_VARIABLE = YES;
				IPHONEOS_DEPLOYMENT_TARGET = 11.4;
				MTL_ENABLE_DEBUG_INFO = YES;
				ONLY_ACTIVE_ARCH = YES;
				SDKROOT = iphoneos;
				SWIFT_ACTIVE_COMPILATION_CONDITIONS = DEBUG;
				SWIFT_OPTIMIZATION_LEVEL = "-Onone";
			};
			name = Debug;
		};
		65FDA781210674B300AB4698 /* Release */ = {
			isa = XCBuildConfiguration;
			buildSettings = {
				ALWAYS_SEARCH_USER_PATHS = NO;
				CLANG_ANALYZER_NONNULL = YES;
				CLANG_ANALYZER_NUMBER_OBJECT_CONVERSION = YES_AGGRESSIVE;
				CLANG_CXX_LANGUAGE_STANDARD = "gnu++14";
				CLANG_CXX_LIBRARY = "libc++";
				CLANG_ENABLE_MODULES = YES;
				CLANG_ENABLE_OBJC_ARC = YES;
				CLANG_ENABLE_OBJC_WEAK = YES;
				CLANG_WARN_BLOCK_CAPTURE_AUTORELEASING = YES;
				CLANG_WARN_BOOL_CONVERSION = YES;
				CLANG_WARN_COMMA = YES;
				CLANG_WARN_CONSTANT_CONVERSION = YES;
				CLANG_WARN_DEPRECATED_OBJC_IMPLEMENTATIONS = YES;
				CLANG_WARN_DIRECT_OBJC_ISA_USAGE = YES_ERROR;
				CLANG_WARN_DOCUMENTATION_COMMENTS = YES;
				CLANG_WARN_EMPTY_BODY = YES;
				CLANG_WARN_ENUM_CONVERSION = YES;
				CLANG_WARN_INFINITE_RECURSION = YES;
				CLANG_WARN_INT_CONVERSION = YES;
				CLANG_WARN_NON_LITERAL_NULL_CONVERSION = YES;
				CLANG_WARN_OBJC_IMPLICIT_RETAIN_SELF = YES;
				CLANG_WARN_OBJC_LITERAL_CONVERSION = YES;
				CLANG_WARN_OBJC_ROOT_CLASS = YES_ERROR;
				CLANG_WARN_RANGE_LOOP_ANALYSIS = YES;
				CLANG_WARN_STRICT_PROTOTYPES = YES;
				CLANG_WARN_SUSPICIOUS_MOVE = YES;
				CLANG_WARN_UNGUARDED_AVAILABILITY = YES_AGGRESSIVE;
				CLANG_WARN_UNREACHABLE_CODE = YES;
				CLANG_WARN__DUPLICATE_METHOD_MATCH = YES;
				CODE_SIGN_IDENTITY = "iPhone Developer";
				COPY_PHASE_STRIP = NO;
				DEBUG_INFORMATION_FORMAT = "dwarf-with-dsym";
				ENABLE_NS_ASSERTIONS = NO;
				ENABLE_STRICT_OBJC_MSGSEND = YES;
				GCC_C_LANGUAGE_STANDARD = gnu11;
				GCC_NO_COMMON_BLOCKS = YES;
				GCC_WARN_64_TO_32_BIT_CONVERSION = YES;
				GCC_WARN_ABOUT_RETURN_TYPE = YES_ERROR;
				GCC_WARN_UNDECLARED_SELECTOR = YES;
				GCC_WARN_UNINITIALIZED_AUTOS = YES_AGGRESSIVE;
				GCC_WARN_UNUSED_FUNCTION = YES;
				GCC_WARN_UNUSED_VARIABLE = YES;
				IPHONEOS_DEPLOYMENT_TARGET = 11.4;
				MTL_ENABLE_DEBUG_INFO = NO;
				SDKROOT = iphoneos;
				SWIFT_COMPILATION_MODE = wholemodule;
				SWIFT_OPTIMIZATION_LEVEL = "-O";
				VALIDATE_PRODUCT = YES;
			};
			name = Release;
		};
		65FDA783210674B300AB4698 /* Debug */ = {
			isa = XCBuildConfiguration;
			buildSettings = {
				ASSETCATALOG_COMPILER_APPICON_NAME = AppIcon;
				CODE_SIGN_STYLE = Automatic;
				DEVELOPMENT_TEAM = 579Y2HH9JP;
				INFOPLIST_FILE = "$(SRCROOT)/Collection/Resources/Info.plist";
				LD_RUNPATH_SEARCH_PATHS = (
					"$(inherited)",
					"@executable_path/Frameworks",
				);
				PRODUCT_BUNDLE_IDENTIFIER = andrew.Collection;
				PRODUCT_NAME = "$(TARGET_NAME)";
				SWIFT_VERSION = 4.0;
				TARGETED_DEVICE_FAMILY = "1,2";
			};
			name = Debug;
		};
		65FDA784210674B300AB4698 /* Release */ = {
			isa = XCBuildConfiguration;
			buildSettings = {
				ASSETCATALOG_COMPILER_APPICON_NAME = AppIcon;
				CODE_SIGN_STYLE = Automatic;
				DEVELOPMENT_TEAM = 579Y2HH9JP;
				INFOPLIST_FILE = "$(SRCROOT)/Collection/Resources/Info.plist";
				LD_RUNPATH_SEARCH_PATHS = (
					"$(inherited)",
					"@executable_path/Frameworks",
				);
				PRODUCT_BUNDLE_IDENTIFIER = andrew.Collection;
				PRODUCT_NAME = "$(TARGET_NAME)";
				SWIFT_VERSION = 4.0;
				TARGETED_DEVICE_FAMILY = "1,2";
			};
			name = Release;
		};
/* End XCBuildConfiguration section */

/* Begin XCConfigurationList section */
		65FDA76B2106748C00AB4698 /* Build configuration list for PBXProject "Collection" */ = {
			isa = XCConfigurationList;
			buildConfigurations = (
				65FDA780210674B300AB4698 /* Debug */,
				65FDA781210674B300AB4698 /* Release */,
			);
			defaultConfigurationIsVisible = 0;
			defaultConfigurationName = Release;
		};
		65FDA782210674B300AB4698 /* Build configuration list for PBXNativeTarget "Collection" */ = {
			isa = XCConfigurationList;
			buildConfigurations = (
				65FDA783210674B300AB4698 /* Debug */,
				65FDA784210674B300AB4698 /* Release */,
			);
			defaultConfigurationIsVisible = 0;
			defaultConfigurationName = Release;
		};
/* End XCConfigurationList section */
	};
	rootObject = 65FDA7682106748C00AB4698 /* Project object */;
}
